
Microsoft Visual Studio Solution File, Format Version 12.00
# Visual Studio 15
VisualStudioVersion = 15.0.28307.271
MinimumVisualStudioVersion = 10.0.40219.1
Project("{FAE04EC0-301F-11D3-BF4B-00C04F79EFBC}") = "PetAdvert.UI", "PetAdvert.UI\PetAdvert.UI.csproj", "{024813AF-8472-4CEF-BD75-38C851BA50EF}"
EndProject
Project("{FAE04EC0-301F-11D3-BF4B-00C04F79EFBC}") = "PetAdvert.Core", "PetAdvert.Core\PetAdvert.Core.csproj", "{C3EB06D7-70AD-447C-9541-5F9E81A4AC16}"
EndProject
Project("{FAE04EC0-301F-11D3-BF4B-00C04F79EFBC}") = "PetAdvert.Model", "PetAdvert.Model\PetAdvert.Model.csproj", "{93AE2C6C-FA73-4159-B63D-2966416DCA4C}"
EndProject
Project("{FAE04EC0-301F-11D3-BF4B-00C04F79EFBC}") = "PetAdvert.Map", "PetAdvert.Map\PetAdvert.Map.csproj", "{29D6C6C5-18E0-48B4-9E87-50071511E36F}"
EndProject
Project("{FAE04EC0-301F-11D3-BF4B-00C04F79EFBC}") = "PetAdvert.Utility", "PetAdvert.Utility\PetAdvert.Utility.csproj", "{D3C0D48B-C466-48A7-9A60-BD230BCC7139}"
EndProject
Project("{FAE04EC0-301F-11D3-BF4B-00C04F79EFBC}") = "PetAdvert.DAL", "PetAdvert.DAL\PetAdvert.DAL.csproj", "{1D008F1F-CED4-4E34-984E-88B39A8FB56F}"
EndProject
Global
	GlobalSection(SolutionConfigurationPlatforms) = preSolution
		Debug|Any CPU = Debug|Any CPU
		Release|Any CPU = Release|Any CPU
	EndGlobalSection
	GlobalSection(ProjectConfigurationPlatforms) = postSolution
		{024813AF-8472-4CEF-BD75-38C851BA50EF}.Debug|Any CPU.ActiveCfg = Debug|Any CPU
		{024813AF-8472-4CEF-BD75-38C851BA50EF}.Debug|Any CPU.Build.0 = Debug|Any CPU
		{024813AF-8472-4CEF-BD75-38C851BA50EF}.Release|Any CPU.ActiveCfg = Release|Any CPU
		{024813AF-8472-4CEF-BD75-38C851BA50EF}.Release|Any CPU.Build.0 = Release|Any CPU
		{C3EB06D7-70AD-447C-9541-5F9E81A4AC16}.Debug|Any CPU.ActiveCfg = Debug|Any CPU
		{C3EB06D7-70AD-447C-9541-5F9E81A4AC16}.Debug|Any CPU.Build.0 = Debug|Any CPU
		{C3EB06D7-70AD-447C-9541-5F9E81A4AC16}.Release|Any CPU.ActiveCfg = Release|Any CPU
		{C3EB06D7-70AD-447C-9541-5F9E81A4AC16}.Release|Any CPU.Build.0 = Release|Any CPU
		{93AE2C6C-FA73-4159-B63D-2966416DCA4C}.Debug|Any CPU.ActiveCfg = Debug|Any CPU
		{93AE2C6C-FA73-4159-B63D-2966416DCA4C}.Debug|Any CPU.Build.0 = Debug|Any CPU
		{93AE2C6C-FA73-4159-B63D-2966416DCA4C}.Release|Any CPU.ActiveCfg = Release|Any CPU
		{93AE2C6C-FA73-4159-B63D-2966416DCA4C}.Release|Any CPU.Build.0 = Release|Any CPU
		{29D6C6C5-18E0-48B4-9E87-50071511E36F}.Debug|Any CPU.ActiveCfg = Debug|Any CPU
		{29D6C6C5-18E0-48B4-9E87-50071511E36F}.Debug|Any CPU.Build.0 = Debug|Any CPU
		{29D6C6C5-18E0-48B4-9E87-50071511E36F}.Release|Any CPU.ActiveCfg = Release|Any CPU
		{29D6C6C5-18E0-48B4-9E87-50071511E36F}.Release|Any CPU.Build.0 = Release|Any CPU
		{D3C0D48B-C466-48A7-9A60-BD230BCC7139}.Debug|Any CPU.ActiveCfg = Debug|Any CPU
		{D3C0D48B-C466-48A7-9A60-BD230BCC7139}.Debug|Any CPU.Build.0 = Debug|Any CPU
		{D3C0D48B-C466-48A7-9A60-BD230BCC7139}.Release|Any CPU.ActiveCfg = Release|Any CPU
		{D3C0D48B-C466-48A7-9A60-BD230BCC7139}.Release|Any CPU.Build.0 = Release|Any CPU
		{1D008F1F-CED4-4E34-984E-88B39A8FB56F}.Debug|Any CPU.ActiveCfg = Debug|Any CPU
		{1D008F1F-CED4-4E34-984E-88B39A8FB56F}.Debug|Any CPU.Build.0 = Debug|Any CPU
		{1D008F1F-CED4-4E34-984E-88B39A8FB56F}.Release|Any CPU.ActiveCfg = Release|Any CPU
		{1D008F1F-CED4-4E34-984E-88B39A8FB56F}.Release|Any CPU.Build.0 = Release|Any CPU
	EndGlobalSection
	GlobalSection(SolutionProperties) = preSolution
		HideSolutionNode = FALSE
	EndGlobalSection
	GlobalSection(ExtensibilityGlobals) = postSolution
		SolutionGuid = {86CA1D4A-8CB4-4B05-8B47-5159257F6DC3}
	EndGlobalSection
EndGlobal
